
Microsoft Visual Studio Solution File, Format Version 12.00
# Visual Studio Version 17
VisualStudioVersion = 17.14.36616.10
MinimumVisualStudioVersion = 10.0.40219.1
Project("{FAE04EC0-301F-11D3-BF4B-00C04F79EFBC}") = "CsabaDu.DynamicTestData.Lite", "CsabaDu.DynamicTestData.Lite.csproj", "{302187F7-638B-4688-8818-9BC1546750AA}"
EndProject
Global
	GlobalSection(SolutionConfigurationPlatforms) = preSolution
		Debug|Any CPU = Debug|Any CPU
		Release|Any CPU = Release|Any CPU
	EndGlobalSection
	GlobalSection(ProjectConfigurationPlatforms) = postSolution
		{302187F7-638B-4688-8818-9BC1546750AA}.Debug|Any CPU.ActiveCfg = Debug|Any CPU
		{302187F7-638B-4688-8818-9BC1546750AA}.Debug|Any CPU.Build.0 = Debug|Any CPU
		{302187F7-638B-4688-8818-9BC1546750AA}.Release|Any CPU.ActiveCfg = Release|Any CPU
		{302187F7-638B-4688-8818-9BC1546750AA}.Release|Any CPU.Build.0 = Release|Any CPU
	EndGlobalSection
	GlobalSection(SolutionProperties) = preSolution
		HideSolutionNode = FALSE
	EndGlobalSection
	GlobalSection(ExtensibilityGlobals) = postSolution
		SolutionGuid = {5BBFD414-A3D6-49D9-BF3B-A0188DBF17DC}
	EndGlobalSection
EndGlobal
